
Microsoft Visual Studio Solution File, Format Version 12.00
# Visual Studio Version 17
VisualStudioVersion = 17.13.35931.197
MinimumVisualStudioVersion = 10.0.40219.1
Project("{FAE04EC0-301F-11D3-BF4B-00C04F79EFBC}") = "basic-inventory-management-api", "..\..\..\Downloads\basic-inventory-management-api\basic-inventory-management-api.csproj", "{0466FADC-1A2A-DBA5-1E90-73B4E435AD99}"
EndProject
Project("{FAE04EC0-301F-11D3-BF4B-00C04F79EFBC}") = "event-scheduler-and-conflict-detector-api", "..\..\..\Downloads\event-scheduler-and-conflict-detector-api\event-scheduler-and-conflict-detector-api.csproj", "{FD97CA17-04CE-69D1-E209-555F0EDCC398}"
EndProject
Global
	GlobalSection(SolutionConfigurationPlatforms) = preSolution
		Debug|Any CPU = Debug|Any CPU
		Release|Any CPU = Release|Any CPU
	EndGlobalSection
	GlobalSection(ProjectConfigurationPlatforms) = postSolution
		{0466FADC-1A2A-DBA5-1E90-73B4E435AD99}.Debug|Any CPU.ActiveCfg = Debug|Any CPU
		{0466FADC-1A2A-DBA5-1E90-73B4E435AD99}.Debug|Any CPU.Build.0 = Debug|Any CPU
		{0466FADC-1A2A-DBA5-1E90-73B4E435AD99}.Release|Any CPU.ActiveCfg = Release|Any CPU
		{0466FADC-1A2A-DBA5-1E90-73B4E435AD99}.Release|Any CPU.Build.0 = Release|Any CPU
		{FD97CA17-04CE-69D1-E209-555F0EDCC398}.Debug|Any CPU.ActiveCfg = Debug|Any CPU
		{FD97CA17-04CE-69D1-E209-555F0EDCC398}.Debug|Any CPU.Build.0 = Debug|Any CPU
		{FD97CA17-04CE-69D1-E209-555F0EDCC398}.Release|Any CPU.ActiveCfg = Release|Any CPU
		{FD97CA17-04CE-69D1-E209-555F0EDCC398}.Release|Any CPU.Build.0 = Release|Any CPU
	EndGlobalSection
	GlobalSection(SolutionProperties) = preSolution
		HideSolutionNode = FALSE
	EndGlobalSection
	GlobalSection(ExtensibilityGlobals) = postSolution
		SolutionGuid = {12116EDD-F4F0-4C87-945A-81917FCF0859}
	EndGlobalSection
EndGlobal
